{
  "nodes": {
    "base16": {
      "inputs": {
        "fromYaml": "fromYaml"
      },
      "locked": {
        "lastModified": 1745523430,
        "narHash": "sha256-EAYWV+kXbwsH+8G/8UtmcunDeKwLwSOyfcmzZUkWE/c=",
        "owner": "SenchoPens",
        "repo": "base16.nix",
        "rev": "58bfe2553d937d8af0564f79d5b950afbef69717",
        "type": "github"
      },
      "original": {
        "owner": "SenchoPens",
        "repo": "base16.nix",
        "type": "github"
      }
    },
    "base16-fish": {
      "flake": false,
      "locked": {
        "lastModified": 1622559957,
        "narHash": "sha256-PebymhVYbL8trDVVXxCvZgc0S5VxI7I1Hv4RMSquTpA=",
        "owner": "tomyun",
        "repo": "base16-fish",
        "rev": "2f6dd973a9075dabccd26f1cded09508180bf5fe",
        "type": "github"
      },
      "original": {
        "owner": "tomyun",
        "repo": "base16-fish",
        "type": "github"
      }
    },
    "base16-helix": {
      "flake": false,
      "locked": {
        "lastModified": 1736852337,
        "narHash": "sha256-esD42YdgLlEh7koBrSqcT7p2fsMctPAcGl/+2sYJa2o=",
        "owner": "tinted-theming",
        "repo": "base16-helix",
        "rev": "03860521c40b0b9c04818f2218d9cc9efc21e7a5",
        "type": "github"
      },
      "original": {
        "owner": "tinted-theming",
        "repo": "base16-helix",
        "type": "github"
      }
    },
    "base16-vim": {
      "flake": false,
      "locked": {
        "lastModified": 1732806396,
        "narHash": "sha256-e0bpPySdJf0F68Ndanwm+KWHgQiZ0s7liLhvJSWDNsA=",
        "owner": "tinted-theming",
        "repo": "base16-vim",
        "rev": "577fe8125d74ff456cf942c733a85d769afe58b7",
        "type": "github"
      },
      "original": {
        "owner": "tinted-theming",
        "repo": "base16-vim",
        "rev": "577fe8125d74ff456cf942c733a85d769afe58b7",
        "type": "github"
      }
    },
    "catppuccin": {
      "inputs": {
        "nixpkgs": [
          "nixpkgs"
        ]
      },
      "locked": {
        "lastModified": 1747414122,
        "narHash": "sha256-diCezyxS9//xT1a9YWWyFXpdTLcUpSbFhB7yqcVfId8=",
        "owner": "catppuccin",
        "repo": "nix",
        "rev": "763394c47f5a8fe4ae97ef0754925efac0d51ec1",
        "type": "github"
      },
      "original": {
        "owner": "catppuccin",
        "repo": "nix",
        "type": "github"
      }
    },
    "cats": {
      "inputs": {
        "flake-utils": [
          "flake-utils"
        ],
        "nixpkgs": [
          "nixpkgs"
        ]
      },
      "locked": {
        "lastModified": 1731355825,
        "narHash": "sha256-re6g01cZbdjvV/AvN/HsPqzYVmc5iiH7zf8yUNlGFMY=",
        "owner": "kinnison",
        "repo": "cats-backgrounds",
        "rev": "f6e39a80b89c9ddd37d0efeffd64bb75b1d3957b",
        "type": "github"
      },
      "original": {
        "owner": "kinnison",
        "repo": "cats-backgrounds",
        "type": "github"
      }
    },
    "crane": {
      "locked": {
        "lastModified": 1750266157,
        "narHash": "sha256-tL42YoNg9y30u7zAqtoGDNdTyXTi8EALDeCB13FtbQA=",
        "owner": "ipetkov",
        "repo": "crane",
        "rev": "e37c943371b73ed87faf33f7583860f81f1d5a48",
        "type": "github"
      },
      "original": {
        "owner": "ipetkov",
        "repo": "crane",
        "type": "github"
      }
    },
    "disko": {
      "inputs": {
        "nixpkgs": [
          "nixpkgs"
        ]
      },
      "locked": {
        "lastModified": 1736864502,
        "narHash": "sha256-ItkIZyebGvNH2dK9jVGzJHGPtb6BSWLN8Gmef16NeY0=",
        "owner": "nix-community",
        "repo": "disko",
        "rev": "0141aabed359f063de7413f80d906e1d98c0c123",
        "type": "github"
      },
      "original": {
        "owner": "nix-community",
        "ref": "v1.11.0",
        "repo": "disko",
        "type": "github"
      }
    },
    "firefox-gnome-theme": {
      "flake": false,
      "locked": {
        "lastModified": 1743774811,
        "narHash": "sha256-oiHLDHXq7ymsMVYSg92dD1OLnKLQoU/Gf2F1GoONLCE=",
        "owner": "rafaelmardojai",
        "repo": "firefox-gnome-theme",
        "rev": "df53a7a31872faf5ca53dd0730038a62ec63ca9e",
        "type": "github"
      },
      "original": {
        "owner": "rafaelmardojai",
        "repo": "firefox-gnome-theme",
        "type": "github"
      }
    },
    "flake-compat": {
      "locked": {
        "lastModified": 1746162366,
        "narHash": "sha256-5SSSZ/oQkwfcAz/o/6TlejlVGqeK08wyREBQ5qFFPhM=",
        "owner": "nix-community",
        "repo": "flake-compat",
        "rev": "0f158086a2ecdbb138cd0429410e44994f1b7e4b",
        "type": "github"
      },
      "original": {
        "owner": "nix-community",
        "repo": "flake-compat",
        "type": "github"
      }
    },
    "flake-parts": {
      "inputs": {
        "nixpkgs-lib": [
          "nixpkgs"
        ]
      },
      "locked": {
        "lastModified": 1749398372,
        "narHash": "sha256-tYBdgS56eXYaWVW3fsnPQ/nFlgWi/Z2Ymhyu21zVM98=",
        "owner": "hercules-ci",
        "repo": "flake-parts",
        "rev": "9305fe4e5c2a6fcf5ba6a3ff155720fbe4076569",
        "type": "github"
      },
      "original": {
        "owner": "hercules-ci",
        "repo": "flake-parts",
        "type": "github"
      }
    },
    "flake-utils": {
      "inputs": {
        "systems": [
          "nix-systems"
        ]
      },
      "locked": {
        "lastModified": 1731533236,
        "narHash": "sha256-l0KFg5HjrsfsO/JpG+r7fRrqm12kzFHyUHqHCVpMMbI=",
        "owner": "numtide",
        "repo": "flake-utils",
        "rev": "11707dc2f618dd54ca8739b309ec4fc024de578b",
        "type": "github"
      },
      "original": {
        "owner": "numtide",
        "repo": "flake-utils",
        "type": "github"
      }
    },
    "fromYaml": {
      "flake": false,
      "locked": {
        "lastModified": 1731966426,
        "narHash": "sha256-lq95WydhbUTWig/JpqiB7oViTcHFP8Lv41IGtayokA8=",
        "owner": "SenchoPens",
        "repo": "fromYaml",
        "rev": "106af9e2f715e2d828df706c386a685698f3223b",
        "type": "github"
      },
      "original": {
        "owner": "SenchoPens",
        "repo": "fromYaml",
        "type": "github"
      }
    },
    "git-hooks": {
      "inputs": {
        "flake-compat": [
          "stylix",
          "flake-compat"
        ],
        "gitignore": "gitignore",
        "nixpkgs": [
          "stylix",
          "nixpkgs"
        ]
      },
      "locked": {
        "lastModified": 1742649964,
        "narHash": "sha256-DwOTp7nvfi8mRfuL1escHDXabVXFGT1VlPD1JHrtrco=",
        "owner": "cachix",
        "repo": "git-hooks.nix",
        "rev": "dcf5072734cb576d2b0c59b2ac44f5050b5eac82",
        "type": "github"
      },
      "original": {
        "owner": "cachix",
        "repo": "git-hooks.nix",
        "type": "github"
      }
    },
    "gitignore": {
      "inputs": {
        "nixpkgs": [
          "stylix",
          "git-hooks",
          "nixpkgs"
        ]
      },
      "locked": {
        "lastModified": 1709087332,
        "narHash": "sha256-HG2cCnktfHsKV0s4XW83gU3F57gaTljL9KNSuG6bnQs=",
        "owner": "hercules-ci",
        "repo": "gitignore.nix",
        "rev": "637db329424fd7e46cf4185293b9cc8c88c95394",
        "type": "github"
      },
      "original": {
        "owner": "hercules-ci",
        "repo": "gitignore.nix",
        "type": "github"
      }
    },
    "gnome-shell": {
      "flake": false,
      "locked": {
        "lastModified": 1744584021,
        "narHash": "sha256-0RJ4mJzf+klKF4Fuoc8VN8dpQQtZnKksFmR2jhWE1Ew=",
        "owner": "GNOME",
        "repo": "gnome-shell",
        "rev": "52c517c8f6c199a1d6f5118fae500ef69ea845ae",
        "type": "github"
      },
      "original": {
        "owner": "GNOME",
        "ref": "48.1",
        "repo": "gnome-shell",
        "type": "github"
      }
    },
    "hanumail": {
      "inputs": {
        "flake-utils": [
          "flake-utils"
        ],
        "nixpkgs": [
          "nixpkgs"
        ]
      },
      "locked": {
        "lastModified": 1748600330,
        "narHash": "sha256-WFq5XymJ0j5WSWu6BFe2wJGL8zwQNvIXt8aJ+e1ORyU=",
        "ref": "refs/heads/main",
        "rev": "e2ddf849a30ac95981eac53473f99d5d90808a3e",
        "revCount": 5,
        "type": "git",
        "url": "https://github.com/kinnison/hanumail"
      },
      "original": {
        "type": "git",
        "url": "https://github.com/kinnison/hanumail"
      }
    },
    "helix": {
      "inputs": {
        "nixpkgs": [
          "nixpkgs"
        ],
        "rust-overlay": [
          "rust-overlay"
        ]
      },
      "locked": {
        "lastModified": 1750531852,
        "narHash": "sha256-ps4Fa8cq+q13Kb2nj9uxXjIGvsSRBUfcxW5CgquxiQI=",
        "owner": "helix-editor",
        "repo": "helix",
        "rev": "171dfc60e5cda8f9fb6c4f662872f35bbe864a53",
        "type": "github"
      },
      "original": {
        "owner": "helix-editor",
        "repo": "helix",
        "type": "github"
      }
    },
    "home-manager": {
      "inputs": {
        "nixpkgs": [
          "nixpkgs"
        ]
      },
      "locked": {
        "lastModified": 1749154018,
        "narHash": "sha256-gjN3j7joRvT3a8Zgcylnd4NFsnXeDBumqiu4HmY1RIg=",
        "owner": "nix-community",
        "repo": "home-manager",
        "rev": "7aae0ee71a17b19708b93b3ed448a1a0952bf111",
        "type": "github"
      },
      "original": {
        "owner": "nix-community",
        "ref": "release-25.05",
        "repo": "home-manager",
        "type": "github"
      }
    },
    "impermanence": {
      "locked": {
        "lastModified": 1737831083,
        "narHash": "sha256-LJggUHbpyeDvNagTUrdhe/pRVp4pnS6wVKALS782gRI=",
        "owner": "nix-community",
        "repo": "impermanence",
        "rev": "4b3e914cdf97a5b536a889e939fb2fd2b043a170",
        "type": "github"
      },
      "original": {
        "owner": "nix-community",
        "repo": "impermanence",
        "type": "github"
      }
    },
    "juntakami": {
      "inputs": {
        "flake-utils": [
          "flake-utils"
        ],
        "nixpkgs": [
          "nixpkgs"
        ]
      },
      "locked": {
        "lastModified": 1750446023,
        "narHash": "sha256-1ffxyO25kc+9KrhUNOU9r9BrE5DOkhS9xBwyB132JAM=",
        "owner": "kinnison",
        "repo": "juntakami",
        "rev": "febdc954a110f46cd6b4370c2b4dc0d6a623ebb3",
        "type": "github"
      },
      "original": {
        "owner": "kinnison",
        "repo": "juntakami",
        "type": "github"
      }
    },
    "lanzaboote": {
      "inputs": {
        "crane": [
          "crane"
        ],
        "flake-compat": [
          "flake-compat"
        ],
        "flake-parts": [
          "flake-parts"
        ],
        "nixpkgs": [
          "nixpkgs"
        ],
        "pre-commit-hooks-nix": [],
        "rust-overlay": [
          "rust-overlay"
        ]
      },
      "locked": {
        "lastModified": 1737639419,
        "narHash": "sha256-AEEDktApTEZ5PZXNDkry2YV2k6t0dTgLPEmAZbnigXU=",
        "owner": "nix-community",
        "repo": "lanzaboote",
        "rev": "a65905a09e2c43ff63be8c0e86a93712361f871e",
        "type": "github"
      },
      "original": {
        "owner": "nix-community",
        "ref": "v0.4.2",
        "repo": "lanzaboote",
        "type": "github"
      }
    },
    "nix-systems": {
      "locked": {
        "lastModified": 1681028828,
        "narHash": "sha256-Vy1rq5AaRuLzOxct8nz4T6wlgyUR7zLU309k9mBC768=",
        "owner": "nix-systems",
        "repo": "default",
        "rev": "da67096a3b9bf56a91d16901293e51ba5b49a27e",
        "type": "github"
      },
      "original": {
        "owner": "nix-systems",
        "repo": "default",
        "type": "github"
      }
    },
    "nixos-hardware": {
      "locked": {
        "lastModified": 1750431636,
        "narHash": "sha256-vnzzBDbCGvInmfn2ijC4HsIY/3W1CWbwS/YQoFgdgPg=",
        "owner": "NixOs",
        "repo": "nixos-hardware",
        "rev": "1552a9f4513f3f0ceedcf90320e48d3d47165712",
        "type": "github"
      },
      "original": {
        "owner": "NixOs",
        "repo": "nixos-hardware",
        "type": "github"
      }
    },
    "nixos-vscode-server": {
      "inputs": {
        "flake-utils": [
          "flake-utils"
        ],
        "nixpkgs": [
          "nixpkgs"
        ]
      },
      "locked": {
        "lastModified": 1729422940,
        "narHash": "sha256-DlvJv33ml5UTKgu4b0HauOfFIoDx6QXtbqUF3vWeRCY=",
        "owner": "nix-community",
        "repo": "nixos-vscode-server",
        "rev": "8b6db451de46ecf9b4ab3d01ef76e59957ff549f",
        "type": "github"
      },
      "original": {
        "owner": "nix-community",
        "repo": "nixos-vscode-server",
        "type": "github"
      }
    },
    "nixpkgs": {
      "locked": {
        "lastModified": 1750838302,
        "narHash": "sha256-aVkL3/yu50oQzi2YuKo0ceiCypVZpZXYd2P2p1FMJM4=",
        "owner": "NixOS",
        "repo": "nixpkgs",
        "rev": "7284e2decc982b81a296ab35aa46e804baaa1cfe",
        "type": "github"
      },
      "original": {
        "owner": "NixOS",
        "ref": "nixos-25.05",
        "repo": "nixpkgs",
        "type": "github"
      }
    },
    "nur": {
      "inputs": {
        "flake-parts": [
          "stylix",
          "flake-parts"
        ],
        "nixpkgs": [
          "stylix",
          "nixpkgs"
        ],
        "treefmt-nix": "treefmt-nix"
      },
      "locked": {
        "lastModified": 1748255319,
        "narHash": "sha256-7owXAuNAmPq52DYyD1KcdT0r7km2lOe4axYkJjbCeFk=",
        "owner": "nix-community",
        "repo": "NUR",
        "rev": "1405d1fe768a70e485bfa02fd2c9908b118781ff",
        "type": "github"
      },
      "original": {
        "owner": "nix-community",
        "repo": "NUR",
        "type": "github"
      }
    },
    "prompter": {
      "inputs": {
        "flake-utils": [
          "flake-utils"
        ],
        "nixpkgs": [
          "nixpkgs"
        ]
      },
      "locked": {
        "lastModified": 1734624915,
        "narHash": "sha256-nqqTwWqa3GI/Ze6YsXawGGBdrZayboU/gK37lrsp4wc=",
        "owner": "kinnison",
        "repo": "prompter",
        "rev": "102075e704e52ad4103c9ff05705e5ef72e0a1c6",
        "type": "github"
      },
      "original": {
        "owner": "kinnison",
        "repo": "prompter",
        "type": "github"
      }
    },
    "root": {
      "inputs": {
        "catppuccin": "catppuccin",
        "cats": "cats",
        "crane": "crane",
        "disko": "disko",
        "flake-compat": "flake-compat",
        "flake-parts": "flake-parts",
        "flake-utils": "flake-utils",
        "hanumail": "hanumail",
        "helix": "helix",
        "home-manager": "home-manager",
        "impermanence": "impermanence",
        "juntakami": "juntakami",
        "lanzaboote": "lanzaboote",
        "nix-systems": "nix-systems",
        "nixos-hardware": "nixos-hardware",
        "nixos-vscode-server": "nixos-vscode-server",
        "nixpkgs": "nixpkgs",
        "prompter": "prompter",
        "rust-overlay": "rust-overlay",
        "stylix": "stylix"
      }
    },
    "rust-overlay": {
      "inputs": {
        "nixpkgs": [
          "nixpkgs"
        ]
      },
      "locked": {
        "lastModified": 1750646674,
        "narHash": "sha256-gHg6QUjMi1ObrocQUAoEhhbIfop14UNae4QDSHoKsRU=",
        "owner": "oxalica",
        "repo": "rust-overlay",
        "rev": "65162ae665154e0eddb395166bd4956358981dd0",
        "type": "github"
      },
      "original": {
        "owner": "oxalica",
        "repo": "rust-overlay",
        "type": "github"
      }
    },
    "stylix": {
      "inputs": {
        "base16": "base16",
        "base16-fish": "base16-fish",
        "base16-helix": "base16-helix",
        "base16-vim": "base16-vim",
        "firefox-gnome-theme": "firefox-gnome-theme",
        "flake-compat": [
          "flake-compat"
        ],
        "flake-parts": [
          "flake-parts"
        ],
        "git-hooks": "git-hooks",
        "gnome-shell": "gnome-shell",
        "home-manager": [
          "home-manager"
        ],
        "nixpkgs": [
          "nixpkgs"
        ],
        "nur": "nur",
        "systems": [
          "nix-systems"
        ],
        "tinted-foot": "tinted-foot",
        "tinted-kitty": "tinted-kitty",
        "tinted-schemes": "tinted-schemes",
        "tinted-tmux": "tinted-tmux",
        "tinted-zed": "tinted-zed"
      },
      "locked": {
        "lastModified": 1748214985,
        "narHash": "sha256-Xs2uQz5HI0o/zsenCcfPz9d0oZij0//Fa1OLAu1zhS8=",
        "owner": "danth",
        "repo": "stylix",
        "rev": "c8e57b9bba85458a376c8c12aafe55ffc6ba2cb1",
        "type": "github"
      },
      "original": {
        "owner": "danth",
        "ref": "release-25.05",
        "repo": "stylix",
        "type": "github"
      }
    },
    "tinted-foot": {
      "flake": false,
      "locked": {
        "lastModified": 1726913040,
        "narHash": "sha256-+eDZPkw7efMNUf3/Pv0EmsidqdwNJ1TaOum6k7lngDQ=",
        "owner": "tinted-theming",
        "repo": "tinted-foot",
        "rev": "fd1b924b6c45c3e4465e8a849e67ea82933fcbe4",
        "type": "github"
      },
      "original": {
        "owner": "tinted-theming",
        "repo": "tinted-foot",
        "rev": "fd1b924b6c45c3e4465e8a849e67ea82933fcbe4",
        "type": "github"
      }
    },
    "tinted-kitty": {
      "flake": false,
      "locked": {
        "lastModified": 1735730497,
        "narHash": "sha256-4KtB+FiUzIeK/4aHCKce3V9HwRvYaxX+F1edUrfgzb8=",
        "owner": "tinted-theming",
        "repo": "tinted-kitty",
        "rev": "de6f888497f2c6b2279361bfc790f164bfd0f3fa",
        "type": "github"
      },
      "original": {
        "owner": "tinted-theming",
        "repo": "tinted-kitty",
        "type": "github"
      }
    },
    "tinted-schemes": {
      "flake": false,
      "locked": {
        "lastModified": 1748180480,
        "narHash": "sha256-7n0XiZiEHl2zRhDwZd/g+p38xwEoWtT0/aESwTMXWG4=",
        "owner": "tinted-theming",
        "repo": "schemes",
        "rev": "87d652edd26f5c0c99deda5ae13dfb8ece2ffe31",
        "type": "github"
      },
      "original": {
        "owner": "tinted-theming",
        "repo": "schemes",
        "type": "github"
      }
    },
    "tinted-tmux": {
      "flake": false,
      "locked": {
        "lastModified": 1743296873,
        "narHash": "sha256-8IQulrb1OBSxMwdKijO9fB70ON//V32dpK9Uioy7FzY=",
        "owner": "tinted-theming",
        "repo": "tinted-tmux",
        "rev": "af5152c8d7546dfb4ff6df94080bf5ff54f64e3a",
        "type": "github"
      },
      "original": {
        "owner": "tinted-theming",
        "repo": "tinted-tmux",
        "type": "github"
      }
    },
    "tinted-zed": {
      "flake": false,
      "locked": {
        "lastModified": 1725758778,
        "narHash": "sha256-8P1b6mJWyYcu36WRlSVbuj575QWIFZALZMTg5ID/sM4=",
        "owner": "tinted-theming",
        "repo": "base16-zed",
        "rev": "122c9e5c0e6f27211361a04fae92df97940eccf9",
        "type": "github"
      },
      "original": {
        "owner": "tinted-theming",
        "repo": "base16-zed",
        "type": "github"
      }
    },
    "treefmt-nix": {
      "inputs": {
        "nixpkgs": [
          "stylix",
          "nur",
          "nixpkgs"
        ]
      },
      "locked": {
        "lastModified": 1733222881,
        "narHash": "sha256-JIPcz1PrpXUCbaccEnrcUS8jjEb/1vJbZz5KkobyFdM=",
        "owner": "numtide",
        "repo": "treefmt-nix",
        "rev": "49717b5af6f80172275d47a418c9719a31a78b53",
        "type": "github"
      },
      "original": {
        "owner": "numtide",
        "repo": "treefmt-nix",
        "type": "github"
      }
    }
  },
  "root": "root",
  "version": 7
}
